{
  "name": "opencode",
  "lockfileVersion": 3,
  "requires": true,
  "packages": {
    "": {
      "dependencies": {
        "@opencode-ai/plugin": "1.15.13",
        "bun": "^1.3.12",
        "execa": "^9.6.1",
        "node": "^25.9.0"
      },
      "devDependencies": {
        "@types/node": "^25.9.1"
      }
    },
    "node_modules/@msgpackr-extract/msgpackr-extract-darwin-arm64": {
      "version": "3.0.4",
      "resolved": "https://registry.npmjs.org/@msgpackr-extract/msgpackr-extract-darwin-arm64/-/msgpackr-extract-darwin-arm64-3.0.4.tgz",
      "integrity": "sha512-LCkGo6JDfaBhgST7UpPWgNgLINpcpabaHfyz5OBx75nUYxBsaEPxjnyNjWpeb/xBup/682QnBfRBy2/LvPutZQ==",
      "cpu": [
        "arm64"
      ],
      "license": "MIT",
      "optional": true,
      "os": [
        "darwin"
      ]
    },
    "node_modules/@msgpackr-extract/msgpackr-extract-darwin-x64": {
      "version": "3.0.4",
      "resolved": "https://registry.npmjs.org/@msgpackr-extract/msgpackr-extract-darwin-x64/-/msgpackr-extract-darwin-x64-3.0.4.tgz",
      "integrity": "sha512-zExlW9zUJKZH/tOtVMttwjKa4Xm/3KcNjnE3dPN92uCktwavMxpgCA3MoJK/DOnTWsQgo224OaST27/mPNAf+w==",
      "cpu": [
        "x64"
      ],
      "license": "MIT",
      "optional": true,
      "os": [
        "darwin"
      ]
    },
    "node_modules/@msgpackr-extract/msgpackr-extract-linux-arm": {
      "version": "3.0.4",
      "resolved": "https://registry.npmjs.org/@msgpackr-extract/msgpackr-extract-linux-arm/-/msgpackr-extract-linux-arm-3.0.4.tgz",
      "integrity": "sha512-Tg3yX65f5GbtXLkrYEHE5oibZG9epyYWas7FogTTEJeDEF9JlXJzKgXaNhT3UXlTOeA+AfZpYZYZ0uPj7Cfquw==",
      "cpu": [
        "arm"
      ],
      "license": "MIT",
      "optional": true,
      "os": [
        "linux"
      ]
    },
    "node_modules/@msgpackr-extract/msgpackr-extract-linux-arm64": {
      "version": "3.0.4",
      "resolved": "https://registry.npmjs.org/@msgpackr-extract/msgpackr-extract-linux-arm64/-/msgpackr-extract-linux-arm64-3.0.4.tgz",
      "integrity": "sha512-dgX0P/9wGPJeHFBG+ZmhgE6bmtMt7NP5CRBGyyktpopdk/mW4POnrpQsSLtKI1dwpc+pPLuXHDh6vvskyQE/sw==",
      "cpu": [
        "arm64"
      ],
      "license": "MIT",
      "optional": true,
      "os": [
        "linux"
      ]
    },
    "node_modules/@msgpackr-extract/msgpackr-extract-linux-x64": {
      "version": "3.0.4",
      "resolved": "https://registry.npmjs.org/@msgpackr-extract/msgpackr-extract-linux-x64/-/msgpackr-extract-linux-x64-3.0.4.tgz",
      "integrity": "sha512-8TNXMEjJc3QEy7R/x1INhgiU+XakDAFUzBhaz7+Rbrs8NH5UQeHQxxmzsSBJGyV6I1jW79undiQm8tOI+D+8FQ==",
      "cpu": [
        "x64"
      ],
      "license": "MIT",
      "optional": true,
      "os": [
        "linux"
      ]
    },
    "node_modules/@msgpackr-extract/msgpackr-extract-win32-x64": {
      "version": "3.0.4",
      "resolved": "https://registry.npmjs.org/@msgpackr-extract/msgpackr-extract-win32-x64/-/msgpackr-extract-win32-x64-3.0.4.tgz",
      "integrity": "sha512-CmCXPQrkbwExx3j946/PtHWHbYJiCRBRDl4BlkRQcJB/YOwQxJRTpoo7aTsortjgoJ1x7opzTSxn7C+ASSLVjQ==",
      "cpu": [
        "x64"
      ],
      "license": "MIT",
      "optional": true,
      "os": [
        "win32"
      ]
    },
    "node_modules/@opencode-ai/plugin": {
      "version": "1.15.13",
      "resolved": "https://registry.npmjs.org/@opencode-ai/plugin/-/plugin-1.15.13.tgz",
      "integrity": "sha512-NFwZGhmxIPijtfz9swPJXDmhOpq4UWP8WjEE7GEMr7FwtJrK/hv6v36nFimed5+OKk+pQCrTJn/vhRW7Io72IA==",
      "license": "MIT",
      "dependencies": {
        "@opencode-ai/sdk": "1.15.13",
        "effect": "4.0.0-beta.66",
        "zod": "4.1.8"
      },
      "peerDependencies": {
        "@opentui/core": ">=0.2.16",
        "@opentui/keymap": ">=0.2.16",
        "@opentui/solid": ">=0.2.16"
      },
      "peerDependenciesMeta": {
        "@opentui/core": {
          "optional": true
        },
        "@opentui/keymap": {
          "optional": true
        },
        "@opentui/solid": {
          "optional": true
        }
      }
    },
    "node_modules/@opencode-ai/sdk": {
      "version": "1.15.13",
      "resolved": "https://registry.npmjs.org/@opencode-ai/sdk/-/sdk-1.15.13.tgz",
      "integrity": "sha512-4TwojIoQ8EG6/mVBuUVYZXiFcwNmiiytEnjnvyuvSJjGwFIlw2YIBFxtSVC3FbwwbwHT63teh1RHiQUUC4U5xw==",
      "license": "MIT",
      "dependencies": {
        "cross-spawn": "7.0.6"
      }
    },
    "node_modules/@oven/bun-darwin-aarch64": {
      "version": "1.3.14",
      "cpu": [
        "arm64"
      ],
      "license": "MIT",
      "optional": true,
      "os": [
        "darwin"
      ]
    },
    "node_modules/@oven/bun-darwin-x64": {
      "version": "1.3.14",
      "resolved": "https://registry.npmjs.org/@oven/bun-darwin-x64/-/bun-darwin-x64-1.3.14.tgz",
      "integrity": "sha512-FFj3QdU/OhlDyZOJ8CWfN5eWLpRlT4qjZg7lMQi7jA6GuoY5ajlO1zWLP/MuHYRSbXQUvV52RejNi8DVnAp13w==",
      "cpu": [
        "x64"
      ],
      "license": "MIT",
      "optional": true,
      "os": [
        "darwin"
      ]
    },
    "node_modules/@oven/bun-darwin-x64-baseline": {
      "version": "1.3.14",
      "resolved": "https://registry.npmjs.org/@oven/bun-darwin-x64-baseline/-/bun-darwin-x64-baseline-1.3.14.tgz",
      "integrity": "sha512-OSfsTZstc898HHElhU4NccaBGOSSDn5VfahiVTnidZ9B/+wb7WTyfZJaBeJcfjwJ9H2W9uTh2TGtl3UfcXgV9g==",
      "cpu": [
        "x64"
      ],
      "license": "MIT",
      "optional": true,
      "os": [
        "darwin"
      ]
    },
    "node_modules/@oven/bun-freebsd-aarch64": {
      "version": "1.3.14",
      "resolved": "https://registry.npmjs.org/@oven/bun-freebsd-aarch64/-/bun-freebsd-aarch64-1.3.14.tgz",
      "integrity": "sha512-LIKrXaFxAHybVO5Pf+9XP2FHUj/5APvXTUKk9dqHm5iFz4oH+W24cmhjkJirNujh9hKeTyrpWSe3no9JZKowIw==",
      "cpu": [
        "arm64"
      ],
      "license": "MIT",
      "optional": true,
      "os": [
        "freebsd"
      ]
    },
    "node_modules/@oven/bun-freebsd-x64": {
      "version": "1.3.14",
      "resolved": "https://registry.npmjs.org/@oven/bun-freebsd-x64/-/bun-freebsd-x64-1.3.14.tgz",
      "integrity": "sha512-uwD+fGUH1ADpIF3B1U2jWzzb20QwRLZfj5QZ28GUCGrAJ/nTmWrD6YYGsblCY1wuhldRez3lU40AyuvSCyLYmw==",
      "cpu": [
        "x64"
      ],
      "license": "MIT",
      "optional": true,
      "os": [
        "freebsd"
      ]
    },
    "node_modules/@oven/bun-linux-aarch64": {
      "version": "1.3.14",
      "resolved": "https://registry.npmjs.org/@oven/bun-linux-aarch64/-/bun-linux-aarch64-1.3.14.tgz",
      "integrity": "sha512-X5SsPZHs+iYO8R/efIcRtc7gT2Q2DgPfliCxEkx4cXBumwkw0c/EsHMNwH3EgGpCDaZ7IYVPhpCG/xBOQHEwZw==",
      "cpu": [
        "arm64"
      ],
      "license": "MIT",
      "optional": true,
      "os": [
        "linux"
      ]
    },
    "node_modules/@oven/bun-linux-aarch64-android": {
      "version": "1.3.14",
      "resolved": "https://registry.npmjs.org/@oven/bun-linux-aarch64-android/-/bun-linux-aarch64-android-1.3.14.tgz",
      "integrity": "sha512-y4kq5b85lsrmFb9Xvi4w9mA5IEFJkLMrSmYn06q24KjL9rUWDWO3VFZEtteZxUN5+ec3Zm5S8OnJw1umaCbVjA==",
      "cpu": [
        "arm64"
      ],
      "license": "MIT",
      "optional": true,
      "os": [
        "android"
      ]
    },
    "node_modules/@oven/bun-linux-aarch64-musl": {
      "version": "1.3.14",
      "resolved": "https://registry.npmjs.org/@oven/bun-linux-aarch64-musl/-/bun-linux-aarch64-musl-1.3.14.tgz",
      "integrity": "sha512-jmqOA92Cd1NL/1XBd4bFkJLxQ86K0RW7ohxS2qzzAvuitO4JiIxjjTeCspoU44zCozH72HpfZfUE2On31OjnWA==",
      "cpu": [
        "arm64"
      ],
      "license": "MIT",
      "optional": true,
      "os": [
        "linux"
      ]
    },
    "node_modules/@oven/bun-linux-x64": {
      "version": "1.3.14",
      "resolved": "https://registry.npmjs.org/@oven/bun-linux-x64/-/bun-linux-x64-1.3.14.tgz",
      "integrity": "sha512-7OVTAKvwfPmSbIV1HpdOoVVx5VRc427GuPPne93N6vk4eQBPId9nXmZDh9/zGaKPdbVjVtQSZafWQoUjx38Utw==",
      "cpu": [
        "x64"
      ],
      "license": "MIT",
      "optional": true,
      "os": [
        "linux"
      ]
    },
    "node_modules/@oven/bun-linux-x64-android": {
      "version": "1.3.14",
      "resolved": "https://registry.npmjs.org/@oven/bun-linux-x64-android/-/bun-linux-x64-android-1.3.14.tgz",
      "integrity": "sha512-qe9e1d+3VAEU7nAA2ol9Jvmy/o99PVMSgZhHn7Q/9O3YcDrfEqyQ8zm4zoe5qTEo8HZH0dN03Le0Ys2eQPs7eg==",
      "cpu": [
        "x64"
      ],
      "license": "MIT",
      "optional": true,
      "os": [
        "android"
      ]
    },
    "node_modules/@oven/bun-linux-x64-baseline": {
      "version": "1.3.14",
      "resolved": "https://registry.npmjs.org/@oven/bun-linux-x64-baseline/-/bun-linux-x64-baseline-1.3.14.tgz",
      "integrity": "sha512-q/8EdOC0yUE8FPeoOVq8/Pw5I9/tJaYmUfO/uDUAREx8IUnOJH1RJ5A3BjFqre8pvJoiZA9AovPJq5FnNNjSxA==",
      "cpu": [
        "x64"
      ],
      "license": "MIT",
      "optional": true,
      "os": [
        "linux"
      ]
    },
    "node_modules/@oven/bun-linux-x64-musl": {
      "version": "1.3.14",
      "resolved": "https://registry.npmjs.org/@oven/bun-linux-x64-musl/-/bun-linux-x64-musl-1.3.14.tgz",
      "integrity": "sha512-GBCB/k/sIqcr06eTNgg7g46qiUv35Jasx4XiccJ/n7RGqrE4RWUD/XJBbWFprVPjvqd59+QtSnS99XGqvftHfg==",
      "cpu": [
        "x64"
      ],
      "license": "MIT",
      "optional": true,
      "os": [
        "linux"
      ]
    },
    "node_modules/@oven/bun-linux-x64-musl-baseline": {
      "version": "1.3.14",
      "resolved": "https://registry.npmjs.org/@oven/bun-linux-x64-musl-baseline/-/bun-linux-x64-musl-baseline-1.3.14.tgz",
      "integrity": "sha512-n6iE71G4lQE4XkrZhQQcL5YUlxDbnq6nqV7zeQi33PMsLT/0kYE+RvHOtBWZ3w0wMdXZfINmp63hIb9ijUBGtw==",
      "cpu": [
        "x64"
      ],
      "license": "MIT",
      "optional": true,
      "os": [
        "linux"
      ]
    },
    "node_modules/@oven/bun-windows-aarch64": {
      "version": "1.3.14",
      "resolved": "https://registry.npmjs.org/@oven/bun-windows-aarch64/-/bun-windows-aarch64-1.3.14.tgz",
      "integrity": "sha512-T7s3x/BsVKQObGU6QDkZeI6wKynzqGbBH1yI77jrrj5siElclxr3DQrDIk8CV4G5/SJq2HHq4kpLyYY2DKCSmA==",
      "cpu": [
        "arm64"
      ],
      "license": "MIT",
      "optional": true,
      "os": [
        "win32"
      ]
    },
    "node_modules/@oven/bun-windows-x64": {
      "version": "1.3.14",
      "resolved": "https://registry.npmjs.org/@oven/bun-windows-x64/-/bun-windows-x64-1.3.14.tgz",
      "integrity": "sha512-mUFWL3BoYkNpjd8e9PqROiFF/1Xeotq20mABJsiQH62jM1g5zqWh4khw1RZ6bX8Q8fWvlPaxG1PjofkmjUi3vg==",
      "cpu": [
        "x64"
      ],
      "license": "MIT",
      "optional": true,
      "os": [
        "win32"
      ]
    },
    "node_modules/@oven/bun-windows-x64-baseline": {
      "version": "1.3.14",
      "resolved": "https://registry.npmjs.org/@oven/bun-windows-x64-baseline/-/bun-windows-x64-baseline-1.3.14.tgz",
      "integrity": "sha512-uIjLUC1S9DWgICzuoMba7vurBJnBruE4S5CxnvmZkdqWVXRzx1Rgu636HoH+k0qeaQCFh3jeG3JQ1y6fRHv0sw==",
      "cpu": [
        "x64"
      ],
      "license": "MIT",
      "optional": true,
      "os": [
        "win32"
      ]
    },
    "node_modules/@sec-ant/readable-stream": {
      "version": "0.4.1",
      "license": "MIT"
    },
    "node_modules/@sindresorhus/merge-streams": {
      "version": "4.0.0",
      "license": "MIT",
      "engines": {
        "node": ">=18"
      },
      "funding": {
        "url": "https://github.com/sponsors/sindresorhus"
      }
    },
    "node_modules/@standard-schema/spec": {
      "version": "1.1.0",
      "resolved": "https://registry.npmjs.org/@standard-schema/spec/-/spec-1.1.0.tgz",
      "integrity": "sha512-l2aFy5jALhniG5HgqrD6jXLi/rUWrKvqN/qJx6yoJsgKhblVd+iqqU4RCXavm/jPityDo5TCvKMnpjKnOriy0w==",
      "license": "MIT"
    },
    "node_modules/@types/node": {
      "version": "25.9.1",
      "dev": true,
      "license": "MIT",
      "dependencies": {
        "undici-types": ">=7.24.0 <7.24.7"
      }
    },
    "node_modules/bun": {
      "version": "1.3.14",
      "cpu": [
        "arm64",
        "x64"
      ],
      "hasInstallScript": true,
      "license": "MIT",
      "os": [
        "darwin",
        "linux",
        "android",
        "freebsd",
        "win32"
      ],
      "bin": {
        "bun": "bin/bun.exe",
        "bunx": "bin/bunx.exe"
      },
      "optionalDependencies": {
        "@oven/bun-darwin-aarch64": "1.3.14",
        "@oven/bun-darwin-x64": "1.3.14",
        "@oven/bun-darwin-x64-baseline": "1.3.14",
        "@oven/bun-freebsd-aarch64": "1.3.14",
        "@oven/bun-freebsd-x64": "1.3.14",
        "@oven/bun-linux-aarch64": "1.3.14",
        "@oven/bun-linux-aarch64-android": "1.3.14",
        "@oven/bun-linux-aarch64-musl": "1.3.14",
        "@oven/bun-linux-x64": "1.3.14",
        "@oven/bun-linux-x64-android": "1.3.14",
        "@oven/bun-linux-x64-baseline": "1.3.14",
        "@oven/bun-linux-x64-musl": "1.3.14",
        "@oven/bun-linux-x64-musl-baseline": "1.3.14",
        "@oven/bun-windows-aarch64": "1.3.14",
        "@oven/bun-windows-x64": "1.3.14",
        "@oven/bun-windows-x64-baseline": "1.3.14"
      }
    },
    "node_modules/cross-spawn": {
      "version": "7.0.6",
      "license": "MIT",
      "dependencies": {
        "path-key": "^3.1.0",
        "shebang-command": "^2.0.0",
        "which": "^2.0.1"
      },
      "engines": {
        "node": ">= 8"
      }
    },
    "node_modules/detect-libc": {
      "version": "2.1.2",
      "resolved": "https://registry.npmjs.org/detect-libc/-/detect-libc-2.1.2.tgz",
      "integrity": "sha512-Btj2BOOO83o3WyH59e8MgXsxEQVcarkUOpEYrubB0urwnN10yQ364rsiByU11nZlqWYZm05i/of7io4mzihBtQ==",
      "license": "Apache-2.0",
      "optional": true,
      "engines": {
        "node": ">=8"
      }
    },
    "node_modules/effect": {
      "version": "4.0.0-beta.66",
      "resolved": "https://registry.npmjs.org/effect/-/effect-4.0.0-beta.66.tgz",
      "integrity": "sha512-4arEr62cziFa8BBVDUwJCJJmaVepXf/kRg7KtC0h8+bufngscrHbwWFhr9c+HonwOF+31U3iD3xUJmw9KzX7Dw==",
      "license": "MIT",
      "dependencies": {
        "@standard-schema/spec": "^1.1.0",
        "fast-check": "^4.6.0",
        "find-my-way-ts": "^0.1.6",
        "ini": "^6.0.0",
        "kubernetes-types": "^1.30.0",
        "msgpackr": "^1.11.9",
        "multipasta": "^0.2.7",
        "toml": "^4.1.1",
        "uuid": "^13.0.0",
        "yaml": "^2.8.3"
      }
    },
    "node_modules/execa": {
      "version": "9.6.1",
      "license": "MIT",
      "dependencies": {
        "@sindresorhus/merge-streams": "^4.0.0",
        "cross-spawn": "^7.0.6",
        "figures": "^6.1.0",
        "get-stream": "^9.0.0",
        "human-signals": "^8.0.1",
        "is-plain-obj": "^4.1.0",
        "is-stream": "^4.0.1",
        "npm-run-path": "^6.0.0",
        "pretty-ms": "^9.2.0",
        "signal-exit": "^4.1.0",
        "strip-final-newline": "^4.0.0",
        "yoctocolors": "^2.1.1"
      },
      "engines": {
        "node": "^18.19.0 || >=20.5.0"
      },
      "funding": {
        "url": "https://github.com/sindresorhus/execa?sponsor=1"
      }
    },
    "node_modules/fast-check": {
      "version": "4.8.0",
      "resolved": "https://registry.npmjs.org/fast-check/-/fast-check-4.8.0.tgz",
      "integrity": "sha512-GOJ158CUMnN6cSahsv4+ExARvIDuzzinFjkp0E9WtiBa5zcVeLozVkWaE4IzFcc+Y48Wp1EDlUZsXRyAztQcSg==",
      "funding": [
        {
          "type": "individual",
          "url": "https://github.com/sponsors/dubzzz"
        },
        {
          "type": "opencollective",
          "url": "https://opencollective.com/fast-check"
        }
      ],
      "license": "MIT",
      "dependencies": {
        "pure-rand": "^8.0.0"
      },
      "engines": {
        "node": ">=12.17.0"
      }
    },
    "node_modules/figures": {
      "version": "6.1.0",
      "license": "MIT",
      "dependencies": {
        "is-unicode-supported": "^2.0.0"
      },
      "engines": {
        "node": ">=18"
      },
      "funding": {
        "url": "https://github.com/sponsors/sindresorhus"
      }
    },
    "node_modules/find-my-way-ts": {
      "version": "0.1.6",
      "resolved": "https://registry.npmjs.org/find-my-way-ts/-/find-my-way-ts-0.1.6.tgz",
      "integrity": "sha512-a85L9ZoXtNAey3Y6Z+eBWW658kO/MwR7zIafkIUPUMf3isZG0NCs2pjW2wtjxAKuJPxMAsHUIP4ZPGv0o5gyTA==",
      "license": "MIT"
    },
    "node_modules/get-stream": {
      "version": "9.0.1",
      "license": "MIT",
      "dependencies": {
        "@sec-ant/readable-stream": "^0.4.1",
        "is-stream": "^4.0.1"
      },
      "engines": {
        "node": ">=18"
      },
      "funding": {
        "url": "https://github.com/sponsors/sindresorhus"
      }
    },
    "node_modules/human-signals": {
      "version": "8.0.1",
      "license": "Apache-2.0",
      "engines": {
        "node": ">=18.18.0"
      }
    },
    "node_modules/ini": {
      "version": "6.0.0",
      "resolved": "https://registry.npmjs.org/ini/-/ini-6.0.0.tgz",
      "integrity": "sha512-IBTdIkzZNOpqm7q3dRqJvMaldXjDHWkEDfrwGEQTs5eaQMWV+djAhR+wahyNNMAa+qpbDUhBMVt4ZKNwpPm7xQ==",
      "license": "ISC",
      "engines": {
        "node": "^20.17.0 || >=22.9.0"
      }
    },
    "node_modules/is-plain-obj": {
      "version": "4.1.0",
      "license": "MIT",
      "engines": {
        "node": ">=12"
      },
      "funding": {
        "url": "https://github.com/sponsors/sindresorhus"
      }
    },
    "node_modules/is-stream": {
      "version": "4.0.1",
      "license": "MIT",
      "engines": {
        "node": ">=18"
      },
      "funding": {
        "url": "https://github.com/sponsors/sindresorhus"
      }
    },
    "node_modules/is-unicode-supported": {
      "version": "2.1.0",
      "license": "MIT",
      "engines": {
        "node": ">=18"
      },
      "funding": {
        "url": "https://github.com/sponsors/sindresorhus"
      }
    },
    "node_modules/isexe": {
      "version": "2.0.0",
      "license": "ISC"
    },
    "node_modules/kubernetes-types": {
      "version": "1.30.0",
      "resolved": "https://registry.npmjs.org/kubernetes-types/-/kubernetes-types-1.30.0.tgz",
      "integrity": "sha512-Dew1okvhM/SQcIa2rcgujNndZwU8VnSapDgdxlYoB84ZlpAD43U6KLAFqYo17ykSFGHNPrg0qry0bP+GJd9v7Q==",
      "license": "Apache-2.0"
    },
    "node_modules/msgpackr": {
      "version": "1.11.12",
      "resolved": "https://registry.npmjs.org/msgpackr/-/msgpackr-1.11.12.tgz",
      "integrity": "sha512-RBdJ1Un7yGlXWajrkxcSa93nvQ0w4zBf60c0yYv7YtBelP8H2FA7XsfBbMHtXKXUMUxH7zV3Zuozh+kUQWhHvg==",
      "license": "MIT",
      "optionalDependencies": {
        "msgpackr-extract": "^3.0.2"
      }
    },
    "node_modules/msgpackr-extract": {
      "version": "3.0.4",
      "resolved": "https://registry.npmjs.org/msgpackr-extract/-/msgpackr-extract-3.0.4.tgz",
      "integrity": "sha512-4kmO/MdyUIkLIvTPr8VHLil4AtoKIoniWPIEk5+CDy0xnWC84azhSFmuJ7PxZdsYtiP5kEeQsORAVIeMgxT+Hw==",
      "hasInstallScript": true,
      "license": "MIT",
      "optional": true,
      "dependencies": {
        "node-gyp-build-optional-packages": "5.2.2"
      },
      "bin": {
        "download-msgpackr-prebuilds": "bin/download-prebuilds.js"
      },
      "optionalDependencies": {
        "@msgpackr-extract/msgpackr-extract-darwin-arm64": "3.0.4",
        "@msgpackr-extract/msgpackr-extract-darwin-x64": "3.0.4",
        "@msgpackr-extract/msgpackr-extract-linux-arm": "3.0.4",
        "@msgpackr-extract/msgpackr-extract-linux-arm64": "3.0.4",
        "@msgpackr-extract/msgpackr-extract-linux-x64": "3.0.4",
        "@msgpackr-extract/msgpackr-extract-win32-x64": "3.0.4"
      }
    },
    "node_modules/multipasta": {
      "version": "0.2.7",
      "resolved": "https://registry.npmjs.org/multipasta/-/multipasta-0.2.7.tgz",
      "integrity": "sha512-KPA58d68KgGil15oDqXjkUBEBYc00XvbPj5/X+dyzeo/lWm9Nc25pQRlf1D+gv4OpK7NM0J1odrbu9JNNGvynA==",
      "license": "MIT"
    },
    "node_modules/node": {
      "version": "25.9.0",
      "hasInstallScript": true,
      "license": "MIT",
      "dependencies": {
        "node-bin-setup": "^1.0.0"
      },
      "bin": {
        "node": "bin/node"
      },
      "engines": {
        "npm": ">=5.0.0"
      }
    },
    "node_modules/node-gyp-build-optional-packages": {
      "version": "5.2.2",
      "resolved": "https://registry.npmjs.org/node-gyp-build-optional-packages/-/node-gyp-build-optional-packages-5.2.2.tgz",
      "integrity": "sha512-s+w+rBWnpTMwSFbaE0UXsRlg7hU4FjekKU4eyAih5T8nJuNZT1nNsskXpxmeqSK9UzkBl6UgRlnKc8hz8IEqOw==",
      "license": "MIT",
      "optional": true,
      "dependencies": {
        "detect-libc": "^2.0.1"
      },
      "bin": {
        "node-gyp-build-optional-packages": "bin.js",
        "node-gyp-build-optional-packages-optional": "optional.js",
        "node-gyp-build-optional-packages-test": "build-test.js"
      }
    },
    "node_modules/node/node_modules/node-bin-setup": {
      "version": "1.1.4",
      "license": "ISC"
    },
    "node_modules/npm-run-path": {
      "version": "6.0.0",
      "license": "MIT",
      "dependencies": {
        "path-key": "^4.0.0",
        "unicorn-magic": "^0.3.0"
      },
      "engines": {
        "node": ">=18"
      },
      "funding": {
        "url": "https://github.com/sponsors/sindresorhus"
      }
    },
    "node_modules/npm-run-path/node_modules/path-key": {
      "version": "4.0.0",
      "license": "MIT",
      "engines": {
        "node": ">=12"
      },
      "funding": {
        "url": "https://github.com/sponsors/sindresorhus"
      }
    },
    "node_modules/parse-ms": {
      "version": "4.0.0",
      "license": "MIT",
      "engines": {
        "node": ">=18"
      },
      "funding": {
        "url": "https://github.com/sponsors/sindresorhus"
      }
    },
    "node_modules/path-key": {
      "version": "3.1.1",
      "license": "MIT",
      "engines": {
        "node": ">=8"
      }
    },
    "node_modules/pretty-ms": {
      "version": "9.3.0",
      "license": "MIT",
      "dependencies": {
        "parse-ms": "^4.0.0"
      },
      "engines": {
        "node": ">=18"
      },
      "funding": {
        "url": "https://github.com/sponsors/sindresorhus"
      }
    },
    "node_modules/pure-rand": {
      "version": "8.4.0",
      "resolved": "https://registry.npmjs.org/pure-rand/-/pure-rand-8.4.0.tgz",
      "integrity": "sha512-IoM8YF/jY0hiugFo/wOWqfmarlE6J0wc6fDK1PhftMk7MGhVZl88sZimmqBBFomLOCSmcCCpsfj7wXASCpvK9A==",
      "funding": [
        {
          "type": "individual",
          "url": "https://github.com/sponsors/dubzzz"
        },
        {
          "type": "opencollective",
          "url": "https://opencollective.com/fast-check"
        }
      ],
      "license": "MIT"
    },
    "node_modules/shebang-command": {
      "version": "2.0.0",
      "license": "MIT",
      "dependencies": {
        "shebang-regex": "^3.0.0"
      },
      "engines": {
        "node": ">=8"
      }
    },
    "node_modules/shebang-regex": {
      "version": "3.0.0",
      "license": "MIT",
      "engines": {
        "node": ">=8"
      }
    },
    "node_modules/signal-exit": {
      "version": "4.1.0",
      "license": "ISC",
      "engines": {
        "node": ">=14"
      },
      "funding": {
        "url": "https://github.com/sponsors/isaacs"
      }
    },
    "node_modules/strip-final-newline": {
      "version": "4.0.0",
      "license": "MIT",
      "engines": {
        "node": ">=18"
      },
      "funding": {
        "url": "https://github.com/sponsors/sindresorhus"
      }
    },
    "node_modules/toml": {
      "version": "4.1.1",
      "resolved": "https://registry.npmjs.org/toml/-/toml-4.1.1.tgz",
      "integrity": "sha512-EBJnVBr3dTXdA89WVFoAIPUqkBjxPMwRqsfuo1r240tKFHXv3zgca4+NJib/h6TyvGF7vOawz0jGuryJCdNHrw==",
      "license": "MIT",
      "engines": {
        "node": ">=20"
      }
    },
    "node_modules/undici-types": {
      "version": "7.24.6",
      "dev": true,
      "license": "MIT"
    },
    "node_modules/unicorn-magic": {
      "version": "0.3.0",
      "license": "MIT",
      "engines": {
        "node": ">=18"
      },
      "funding": {
        "url": "https://github.com/sponsors/sindresorhus"
      }
    },
    "node_modules/uuid": {
      "version": "13.0.2",
      "resolved": "https://registry.npmjs.org/uuid/-/uuid-13.0.2.tgz",
      "integrity": "sha512-vzi9uRZ926x4XV73S/4qQaTwPXM2JBj6/6lI/byHH1jOpCzb0zDbfytgA9LcN/hzb2l7WQSQnxITOVx5un/wGw==",
      "funding": [
        "https://github.com/sponsors/broofa",
        "https://github.com/sponsors/ctavan"
      ],
      "license": "MIT",
      "bin": {
        "uuid": "dist-node/bin/uuid"
      }
    },
    "node_modules/which": {
      "version": "2.0.2",
      "license": "ISC",
      "dependencies": {
        "isexe": "^2.0.0"
      },
      "bin": {
        "node-which": "bin/node-which"
      },
      "engines": {
        "node": ">= 8"
      }
    },
    "node_modules/yaml": {
      "version": "2.9.0",
      "resolved": "https://registry.npmjs.org/yaml/-/yaml-2.9.0.tgz",
      "integrity": "sha512-2AvhNX3mb8zd6Zy7INTtSpl1F15HW6Wnqj0srWlkKLcpYl/gMIMJiyuGq2KeI2YFxUPjdlB+3Lc10seMLtL4cA==",
      "license": "ISC",
      "bin": {
        "yaml": "bin.mjs"
      },
      "engines": {
        "node": ">= 14.6"
      },
      "funding": {
        "url": "https://github.com/sponsors/eemeli"
      }
    },
    "node_modules/yoctocolors": {
      "version": "2.1.2",
      "license": "MIT",
      "engines": {
        "node": ">=18"
      },
      "funding": {
        "url": "https://github.com/sponsors/sindresorhus"
      }
    },
    "node_modules/zod": {
      "version": "4.1.8",
      "license": "MIT",
      "funding": {
        "url": "https://github.com/sponsors/colinhacks"
      }
    }
  }
}
